// !$*UTF8*$!
{
	archiveVersion = 1;
	classes = {
	};
	objectVersion = 50;
	objects = {

/* Begin PBXBuildFile section */
		58EB06D5AD737B3E42390490 /* Pods_Demo.framework in Frameworks */ = {isa = PBXBuildFile; fileRef = 78A5E68ED6CD6DAD58C1441B /* Pods_Demo.framework */; };
		FA386415222FA91B009A4293 /* AppDelegate.swift in Sources */ = {isa = PBXBuildFile; fileRef = FA386414222FA91B009A4293 /* AppDelegate.swift */; };
		FA386417222FA91B009A4293 /* ViewController.swift in Sources */ = {isa = PBXBuildFile; fileRef = FA386416222FA91B009A4293 /* ViewController.swift */; };
		FA38641A222FA91B009A4293 /* Main.storyboard in Resources */ = {isa = PBXBuildFile; fileRef = FA386418222FA91B009A4293 /* Main.storyboard */; };
		FA38641C222FA91C009A4293 /* Assets.xcassets in Resources */ = {isa = PBXBuildFile; fileRef = FA38641B222FA91C009A4293 /* Assets.xcassets */; };
		FA38641F222FA91C009A4293 /* LaunchScreen.storyboard in Resources */ = {isa = PBXBuildFile; fileRef = FA38641D222FA91C009A4293 /* LaunchScreen.storyboard */; };
		FA38642A222FADD9009A4293 /* TKIdentifyInputView.swift in Sources */ = {isa = PBXBuildFile; fileRef = FA386427222FADD9009A4293 /* TKIdentifyInputView.swift */; };
		FA38642B222FADD9009A4293 /* TKIdentifyInputItem.swift in Sources */ = {isa = PBXBuildFile; fileRef = FA386428222FADD9009A4293 /* TKIdentifyInputItem.swift */; };
		FA38642C222FADD9009A4293 /* TKIdentifyInputItemConfig.swift in Sources */ = {isa = PBXBuildFile; fileRef = FA386429222FADD9009A4293 /* TKIdentifyInputItemConfig.swift */; };
		FA38642E222FCE15009A4293 /* IdentifyViewController.swift in Sources */ = {isa = PBXBuildFile; fileRef = FA38642D222FCE15009A4293 /* IdentifyViewController.swift */; };
/* End PBXBuildFile section */

/* Begin PBXFileReference section */
		157E8C045F3B96252B782D9F /* Pods-Demo.debug.xcconfig */ = {isa = PBXFileReference; includeInIndex = 1; lastKnownFileType = text.xcconfig; name = "Pods-Demo.debug.xcconfig"; path = "Pods/Target Support Files/Pods-Demo/Pods-Demo.debug.xcconfig"; sourceTree = "<group>"; };
		78A5E68ED6CD6DAD58C1441B /* Pods_Demo.framework */ = {isa = PBXFileReference; explicitFileType = wrapper.framework; includeInIndex = 0; path = Pods_Demo.framework; sourceTree = BUILT_PRODUCTS_DIR; };
		D6C77FDC3ED8B7F8448F9BB1 /* Pods-Demo.release.xcconfig */ = {isa = PBXFileReference; includeInIndex = 1; lastKnownFileType = text.xcconfig; name = "Pods-Demo.release.xcconfig"; path = "Pods/Target Support Files/Pods-Demo/Pods-Demo.release.xcconfig"; sourceTree = "<group>"; };
		FA386411222FA91B009A4293 /* Demo.app */ = {isa = PBXFileReference; explicitFileType = wrapper.application; includeInIndex = 0; path = Demo.app; sourceTree = BUILT_PRODUCTS_DIR; };
		FA386414222FA91B009A4293 /* AppDelegate.swift */ = {isa = PBXFileReference; lastKnownFileType = sourcecode.swift; path = AppDelegate.swift; sourceTree = "<group>"; };
		FA386416222FA91B009A4293 /* ViewController.swift */ = {isa = PBXFileReference; lastKnownFileType = sourcecode.swift; path = ViewController.swift; sourceTree = "<group>"; };
		FA386419222FA91B009A4293 /* Base */ = {isa = PBXFileReference; lastKnownFileType = file.storyboard; name = Base; path = Base.lproj/Main.storyboard; sourceTree = "<group>"; };
		FA38641B222FA91C009A4293 /* Assets.xcassets */ = {isa = PBXFileReference; lastKnownFileType = folder.assetcatalog; path = Assets.xcassets; sourceTree = "<group>"; };
		FA38641E222FA91C009A4293 /* Base */ = {isa = PBXFileReference; lastKnownFileType = file.storyboard; name = Base; path = Base.lproj/LaunchScreen.storyboard; sourceTree = "<group>"; };
		FA386420222FA91C009A4293 /* Info.plist */ = {isa = PBXFileReference; lastKnownFileType = text.plist.xml; path = Info.plist; sourceTree = "<group>"; };
		FA386427222FADD9009A4293 /* TKIdentifyInputView.swift */ = {isa = PBXFileReference; fileEncoding = 4; lastKnownFileType = sourcecode.swift; path = TKIdentifyInputView.swift; sourceTree = "<group>"; };
		FA386428222FADD9009A4293 /* TKIdentifyInputItem.swift */ = {isa = PBXFileReference; fileEncoding = 4; lastKnownFileType = sourcecode.swift; path = TKIdentifyInputItem.swift; sourceTree = "<group>"; };
		FA386429222FADD9009A4293 /* TKIdentifyInputItemConfig.swift */ = {isa = PBXFileReference; fileEncoding = 4; lastKnownFileType = sourcecode.swift; path = TKIdentifyInputItemConfig.swift; sourceTree = "<group>"; };
		FA38642D222FCE15009A4293 /* IdentifyViewController.swift */ = {isa = PBXFileReference; lastKnownFileType = sourcecode.swift; path = IdentifyViewController.swift; sourceTree = "<group>"; };
/* End PBXFileReference section */

/* Begin PBXFrameworksBuildPhase section */
		FA38640E222FA91B009A4293 /* Frameworks */ = {
			isa = PBXFrameworksBuildPhase;
			buildActionMask = 2147483647;
			files = (
				58EB06D5AD737B3E42390490 /* Pods_Demo.framework in Frameworks */,
			);
			runOnlyForDeploymentPostprocessing = 0;
		};
/* End PBXFrameworksBuildPhase section */

/* Begin PBXGroup section */
		6B574FB7116E85144A38CDF1 /* Frameworks */ = {
			isa = PBXGroup;
			children = (
				78A5E68ED6CD6DAD58C1441B /* Pods_Demo.framework */,
			);
			name = Frameworks;
			sourceTree = "<group>";
		};
		EB26819FCAB9511537094DE8 /* Pods */ = {
			isa = PBXGroup;
			children = (
				157E8C045F3B96252B782D9F /* Pods-Demo.debug.xcconfig */,
				D6C77FDC3ED8B7F8448F9BB1 /* Pods-Demo.release.xcconfig */,
			);
			name = Pods;
			sourceTree = "<group>";
		};
		FA386408222FA91B009A4293 = {
			isa = PBXGroup;
			children = (
				FA386426222FADD9009A4293 /* TKIdentifyInputView */,
				FA386413222FA91B009A4293 /* Demo */,
				FA386412222FA91B009A4293 /* Products */,
				EB26819FCAB9511537094DE8 /* Pods */,
				6B574FB7116E85144A38CDF1 /* Frameworks */,
			);
			sourceTree = "<group>";
		};
		FA386412222FA91B009A4293 /* Products */ = {
			isa = PBXGroup;
			children = (
				FA386411222FA91B009A4293 /* Demo.app */,
			);
			name = Products;
			sourceTree = "<group>";
		};
		FA386413222FA91B009A4293 /* Demo */ = {
			isa = PBXGroup;
			children = (
				FA386414222FA91B009A4293 /* AppDelegate.swift */,
				FA386416222FA91B009A4293 /* ViewController.swift */,
				FA38642D222FCE15009A4293 /* IdentifyViewController.swift */,
				FA386418222FA91B009A4293 /* Main.storyboard */,
				FA38641B222FA91C009A4293 /* Assets.xcassets */,
				FA38641D222FA91C009A4293 /* LaunchScreen.storyboard */,
				FA386420222FA91C009A4293 /* Info.plist */,
			);
			path = Demo;
			sourceTree = "<group>";
		};
		FA386426222FADD9009A4293 /* TKIdentifyInputView */ = {
			isa = PBXGroup;
			children = (
				FA386427222FADD9009A4293 /* TKIdentifyInputView.swift */,
				FA386428222FADD9009A4293 /* TKIdentifyInputItem.swift */,
				FA386429222FADD9009A4293 /* TKIdentifyInputItemConfig.swift */,
			);
			path = TKIdentifyInputView;
			sourceTree = "<group>";
		};
/* End PBXGroup section */

/* Begin PBXNativeTarget section */
		FA386410222FA91B009A4293 /* Demo */ = {
			isa = PBXNativeTarget;
			buildConfigurationList = FA386423222FA91C009A4293 /* Build configuration list for PBXNativeTarget "Demo" */;
			buildPhases = (
				FCAAA12F3D40BBAB8EE1A363 /* [CP] Check Pods Manifest.lock */,
				FA38640D222FA91B009A4293 /* Sources */,
				FA38640E222FA91B009A4293 /* Frameworks */,
				FA38640F222FA91B009A4293 /* Resources */,
				04674E5DF092275B7E98CEAE /* [CP] Embed Pods Frameworks */,
			);
			buildRules = (
			);
			dependencies = (
			);
			name = Demo;
			productName = Demo;
			productReference = FA386411222FA91B009A4293 /* Demo.app */;
			productType = "com.apple.product-type.application";
		};
/* End PBXNativeTarget section */

/* Begin PBXProject section */
		FA386409222FA91B009A4293 /* Project object */ = {
			isa = PBXProject;
			attributes = {
				LastSwiftUpdateCheck = 1010;
				LastUpgradeCheck = 1010;
				ORGANIZATIONNAME = TungKay;
				TargetAttributes = {
					FA386410222FA91B009A4293 = {
						CreatedOnToolsVersion = 10.1;
					};
				};
			};
			buildConfigurationList = FA38640C222FA91B009A4293 /* Build configuration list for PBXProject "Demo" */;
			compatibilityVersion = "Xcode 9.3";
			developmentRegion = en;
			hasScannedForEncodings = 0;
			knownRegions = (
				en,
				Base,
			);
			mainGroup = FA386408222FA91B009A4293;
			productRefGroup = FA386412222FA91B009A4293 /* Products */;
			projectDirPath = "";
			projectRoot = "";
			targets = (
				FA386410222FA91B009A4293 /* Demo */,
			);
		};
/* End PBXProject section */

/* Begin PBXResourcesBuildPhase section */
		FA38640F222FA91B009A4293 /* Resources */ = {
			isa = PBXResourcesBuildPhase;
			buildActionMask = 2147483647;
			files = (
				FA38641F222FA91C009A4293 /* LaunchScreen.storyboard in Resources */,
				FA38641C222FA91C009A4293 /* Assets.xcassets in Resources */,
				FA38641A222FA91B009A4293 /* Main.storyboard in Resources */,
			);
			runOnlyForDeploymentPostprocessing = 0;
		};
/* End PBXResourcesBuildPhase section */

/* Begin PBXShellScriptBuildPhase section */
		04674E5DF092275B7E98CEAE /* [CP] Embed Pods Frameworks */ = {
			isa = PBXShellScriptBuildPhase;
			buildActionMask = 2147483647;
			files = (
			);
			inputFileListPaths = (
			);
			inputPaths = (
				"${SRCROOT}/Pods/Target Support Files/Pods-Demo/Pods-Demo-frameworks.sh",
				"${BUILT_PRODUCTS_DIR}/SnapKit/SnapKit.framework",
			);
			name = "[CP] Embed Pods Frameworks";
			outputFileListPaths = (
			);
			outputPaths = (
				"${TARGET_BUILD_DIR}/${FRAMEWORKS_FOLDER_PATH}/SnapKit.framework",
			);
			runOnlyForDeploymentPostprocessing = 0;
			shellPath = /bin/sh;
			shellScript = "\"${SRCROOT}/Pods/Target Support Files/Pods-Demo/Pods-Demo-frameworks.sh\"\n";
			showEnvVarsInLog = 0;
		};
		FCAAA12F3D40BBAB8EE1A363 /* [CP] Check Pods Manifest.lock */ = {
			isa = PBXShellScriptBuildPhase;
			buildActionMask = 2147483647;
			files = (
			);
			inputFileListPaths = (
			);
			inputPaths = (
				"${PODS_PODFILE_DIR_PATH}/Podfile.lock",
				"${PODS_ROOT}/Manifest.lock",
			);
			name = "[CP] Check Pods Manifest.lock";
			outputFileListPaths = (
			);
			outputPaths = (
				"$(DERIVED_FILE_DIR)/Pods-Demo-checkManifestLockResult.txt",
			);
			runOnlyForDeploymentPostprocessing = 0;
			shellPath = /bin/sh;
			shellScript = "diff \"${PODS_PODFILE_DIR_PATH}/Podfile.lock\" \"${PODS_ROOT}/Manifest.lock\" > /dev/null\nif [ $? != 0 ] ; then\n    # print error to STDERR\n    echo \"error: The sandbox is not in sync with the Podfile.lock. Run 'pod install' or update your CocoaPods installation.\" >&2\n    exit 1\nfi\n# This output is used by Xcode 'outputs' to avoid re-running this script phase.\necho \"SUCCESS\" > \"${SCRIPT_OUTPUT_FILE_0}\"\n";
			showEnvVarsInLog = 0;
		};
/* End PBXShellScriptBuildPhase section */

/* Begin PBXSourcesBuildPhase section */
		FA38640D222FA91B009A4293 /* Sources */ = {
			isa = PBXSourcesBuildPhase;
			buildActionMask = 2147483647;
			files = (
				FA38642C222FADD9009A4293 /* TKIdentifyInputItemConfig.swift in Sources */,
				FA386417222FA91B009A4293 /* ViewController.swift in Sources */,
				FA38642E222FCE15009A4293 /* IdentifyViewController.swift in Sources */,
				FA386415222FA91B009A4293 /* AppDelegate.swift in Sources */,
				FA38642B222FADD9009A4293 /* TKIdentifyInputItem.swift in Sources */,
				FA38642A222FADD9009A4293 /* TKIdentifyInputView.swift in Sources */,
			);
			runOnlyForDeploymentPostprocessing = 0;
		};
/* End PBXSourcesBuildPhase section */

/* Begin PBXVariantGroup section */
		FA386418222FA91B009A4293 /* Main.storyboard */ = {
			isa = PBXVariantGroup;
			children = (
				FA386419222FA91B009A4293 /* Base */,
			);
			name = Main.storyboard;
			sourceTree = "<group>";
		};
		FA38641D222FA91C009A4293 /* LaunchScreen.storyboard */ = {
			isa = PBXVariantGroup;
			children = (
				FA38641E222FA91C009A4293 /* Base */,
			);
			name = LaunchScreen.storyboard;
			sourceTree = "<group>";
		};
/* End PBXVariantGroup section */

/* Begin XCBuildConfiguration section */
		FA386421222FA91C009A4293 /* Debug */ = {
			isa = XCBuildConfiguration;
			buildSettings = {
				ALWAYS_SEARCH_USER_PATHS = NO;
				CLANG_ANALYZER_NONNULL = YES;
				CLANG_ANALYZER_NUMBER_OBJECT_CONVERSION = YES_AGGRESSIVE;
				CLANG_CXX_LANGUAGE_STANDARD = "gnu++14";
				CLANG_CXX_LIBRARY = "libc++";
				CLANG_ENABLE_MODULES = YES;
				CLANG_ENABLE_OBJC_ARC = YES;
				CLANG_ENABLE_OBJC_WEAK = YES;
				CLANG_WARN_BLOCK_CAPTURE_AUTORELEASING = YES;
				CLANG_WARN_BOOL_CONVERSION = YES;
				CLANG_WARN_COMMA = YES;
				CLANG_WARN_CONSTANT_CONVERSION = YES;
				CLANG_WARN_DEPRECATED_OBJC_IMPLEMENTATIONS = YES;
				CLANG_WARN_DIRECT_OBJC_ISA_USAGE = YES_ERROR;
				CLANG_WARN_DOCUMENTATION_COMMENTS = YES;
				CLANG_WARN_EMPTY_BODY = YES;
				CLANG_WARN_ENUM_CONVERSION = YES;
				CLANG_WARN_INFINITE_RECURSION = YES;
				CLANG_WARN_INT_CONVERSION = YES;
				CLANG_WARN_NON_LITERAL_NULL_CONVERSION = YES;
				CLANG_WARN_OBJC_IMPLICIT_RETAIN_SELF = YES;
				CLANG_WARN_OBJC_LITERAL_CONVERSION = YES;
				CLANG_WARN_OBJC_ROOT_CLASS = YES_ERROR;
				CLANG_WARN_RANGE_LOOP_ANALYSIS = YES;
				CLANG_WARN_STRICT_PROTOTYPES = YES;
				CLANG_WARN_SUSPICIOUS_MOVE = YES;
				CLANG_WARN_UNGUARDED_AVAILABILITY = YES_AGGRESSIVE;
				CLANG_WARN_UNREACHABLE_CODE = YES;
				CLANG_WARN__DUPLICATE_METHOD_MATCH = YES;
				CODE_SIGN_IDENTITY = "iPhone Developer";
				COPY_PHASE_STRIP = NO;
				DEBUG_INFORMATION_FORMAT = dwarf;
				ENABLE_STRICT_OBJC_MSGSEND = YES;
				ENABLE_TESTABILITY = YES;
				GCC_C_LANGUAGE_STANDARD = gnu11;
				GCC_DYNAMIC_NO_PIC = NO;
				GCC_NO_COMMON_BLOCKS = YES;
				GCC_OPTIMIZATION_LEVEL = 0;
				GCC_PREPROCESSOR_DEFINITIONS = (
					"DEBUG=1",
					"$(inherited)",
				);
				GCC_WARN_64_TO_32_BIT_CONVERSION = YES;
				GCC_WARN_ABOUT_RETURN_TYPE = YES_ERROR;
				GCC_WARN_UNDECLARED_SELECTOR = YES;
				GCC_WARN_UNINITIALIZED_AUTOS = YES_AGGRESSIVE;
				GCC_WARN_UNUSED_FUNCTION = YES;
				GCC_WARN_UNUSED_VARIABLE = YES;
				IPHONEOS_DEPLOYMENT_TARGET = 12.1;
				MTL_ENABLE_DEBUG_INFO = INCLUDE_SOURCE;
				MTL_FAST_MATH = YES;
				ONLY_ACTIVE_ARCH = YES;
				SDKROOT = iphoneos;
				SWIFT_ACTIVE_COMPILATION_CONDITIONS = DEBUG;
				SWIFT_OPTIMIZATION_LEVEL = "-Onone";
			};
			name = Debug;
		};
		FA386422222FA91C009A4293 /* Release */ = {
			isa = XCBuildConfiguration;
			buildSettings = {
				ALWAYS_SEARCH_USER_PATHS = NO;
				CLANG_ANALYZER_NONNULL = YES;
				CLANG_ANALYZER_NUMBER_OBJECT_CONVERSION = YES_AGGRESSIVE;
				CLANG_CXX_LANGUAGE_STANDARD = "gnu++14";
				CLANG_CXX_LIBRARY = "libc++";
				CLANG_ENABLE_MODULES = YES;
				CLANG_ENABLE_OBJC_ARC = YES;
				CLANG_ENABLE_OBJC_WEAK = YES;
				CLANG_WARN_BLOCK_CAPTURE_AUTORELEASING = YES;
				CLANG_WARN_BOOL_CONVERSION = YES;
				CLANG_WARN_COMMA = YES;
				CLANG_WARN_CONSTANT_CONVERSION = YES;
				CLANG_WARN_DEPRECATED_OBJC_IMPLEMENTATIONS = YES;
				CLANG_WARN_DIRECT_OBJC_ISA_USAGE = YES_ERROR;
				CLANG_WARN_DOCUMENTATION_COMMENTS = YES;
				CLANG_WARN_EMPTY_BODY = YES;
				CLANG_WARN_ENUM_CONVERSION = YES;
				CLANG_WARN_INFINITE_RECURSION = YES;
				CLANG_WARN_INT_CONVERSION = YES;
				CLANG_WARN_NON_LITERAL_NULL_CONVERSION = YES;
				CLANG_WARN_OBJC_IMPLICIT_RETAIN_SELF = YES;
				CLANG_WARN_OBJC_LITERAL_CONVERSION = YES;
				CLANG_WARN_OBJC_ROOT_CLASS = YES_ERROR;
				CLANG_WARN_RANGE_LOOP_ANALYSIS = YES;
				CLANG_WARN_STRICT_PROTOTYPES = YES;
				CLANG_WARN_SUSPICIOUS_MOVE = YES;
				CLANG_WARN_UNGUARDED_AVAILABILITY = YES_AGGRESSIVE;
				CLANG_WARN_UNREACHABLE_CODE = YES;
				CLANG_WARN__DUPLICATE_METHOD_MATCH = YES;
				CODE_SIGN_IDENTITY = "iPhone Developer";
				COPY_PHASE_STRIP = NO;
				DEBUG_INFORMATION_FORMAT = "dwarf-with-dsym";
				ENABLE_NS_ASSERTIONS = NO;
				ENABLE_STRICT_OBJC_MSGSEND = YES;
				GCC_C_LANGUAGE_STANDARD = gnu11;
				GCC_NO_COMMON_BLOCKS = YES;
				GCC_WARN_64_TO_32_BIT_CONVERSION = YES;
				GCC_WARN_ABOUT_RETURN_TYPE = YES_ERROR;
				GCC_WARN_UNDECLARED_SELECTOR = YES;
				GCC_WARN_UNINITIALIZED_AUTOS = YES_AGGRESSIVE;
				GCC_WARN_UNUSED_FUNCTION = YES;
				GCC_WARN_UNUSED_VARIABLE = YES;
				IPHONEOS_DEPLOYMENT_TARGET = 12.1;
				MTL_ENABLE_DEBUG_INFO = NO;
				MTL_FAST_MATH = YES;
				SDKROOT = iphoneos;
				SWIFT_COMPILATION_MODE = wholemodule;
				SWIFT_OPTIMIZATION_LEVEL = "-O";
				VALIDATE_PRODUCT = YES;
			};
			name = Release;
		};
		FA386424222FA91C009A4293 /* Debug */ = {
			isa = XCBuildConfiguration;
			baseConfigurationReference = 157E8C045F3B96252B782D9F /* Pods-Demo.debug.xcconfig */;
			buildSettings = {
				ASSETCATALOG_COMPILER_APPICON_NAME = AppIcon;
				CODE_SIGN_STYLE = Manual;
				DEVELOPMENT_TEAM = "";
				INFOPLIST_FILE = Demo/Info.plist;
				IPHONEOS_DEPLOYMENT_TARGET = 8.0;
				LD_RUNPATH_SEARCH_PATHS = (
					"$(inherited)",
					"@executable_path/Frameworks",
				);
				PRODUCT_BUNDLE_IDENTIFIER = tk.Demo;
				PRODUCT_NAME = "$(TARGET_NAME)";
				PROVISIONING_PROFILE_SPECIFIER = "";
				SWIFT_VERSION = 4.2;
				TARGETED_DEVICE_FAMILY = "1,2";
			};
			name = Debug;
		};
		FA386425222FA91C009A4293 /* Release */ = {
			isa = XCBuildConfiguration;
			baseConfigurationReference = D6C77FDC3ED8B7F8448F9BB1 /* Pods-Demo.release.xcconfig */;
			buildSettings = {
				ASSETCATALOG_COMPILER_APPICON_NAME = AppIcon;
				CODE_SIGN_STYLE = Manual;
				DEVELOPMENT_TEAM = "";
				INFOPLIST_FILE = Demo/Info.plist;
				IPHONEOS_DEPLOYMENT_TARGET = 8.0;
				LD_RUNPATH_SEARCH_PATHS = (
					"$(inherited)",
					"@executable_path/Frameworks",
				);
				PRODUCT_BUNDLE_IDENTIFIER = tk.Demo;
				PRODUCT_NAME = "$(TARGET_NAME)";
				PROVISIONING_PROFILE_SPECIFIER = "";
				SWIFT_VERSION = 4.2;
				TARGETED_DEVICE_FAMILY = "1,2";
			};
			name = Release;
		};
/* End XCBuildConfiguration section */

/* Begin XCConfigurationList section */
		FA38640C222FA91B009A4293 /* Build configuration list for PBXProject "Demo" */ = {
			isa = XCConfigurationList;
			buildConfigurations = (
				FA386421222FA91C009A4293 /* Debug */,
				FA386422222FA91C009A4293 /* Release */,
			);
			defaultConfigurationIsVisible = 0;
			defaultConfigurationName = Release;
		};
		FA386423222FA91C009A4293 /* Build configuration list for PBXNativeTarget "Demo" */ = {
			isa = XCConfigurationList;
			buildConfigurations = (
				FA386424222FA91C009A4293 /* Debug */,
				FA386425222FA91C009A4293 /* Release */,
			);
			defaultConfigurationIsVisible = 0;
			defaultConfigurationName = Release;
		};
/* End XCConfigurationList section */
	};
	rootObject = FA386409222FA91B009A4293 /* Project object */;
}
